
Microsoft Visual Studio Solution File, Format Version 12.00
# Visual Studio Version 16
VisualStudioVersion = 16.0.31624.102
MinimumVisualStudioVersion = 10.0.40219.1
Project("{FAE04EC0-301F-11D3-BF4B-00C04F79EFBC}") = "Projec01", "Projec01.csproj", "{65765B02-ABBB-4BEF-A914-4E4CC60EDC96}"
EndProject
Global
	GlobalSection(SolutionConfigurationPlatforms) = preSolution
		Debug|Any CPU = Debug|Any CPU
		Release|Any CPU = Release|Any CPU
	EndGlobalSection
	GlobalSection(ProjectConfigurationPlatforms) = postSolution
		{65765B02-ABBB-4BEF-A914-4E4CC60EDC96}.Debug|Any CPU.ActiveCfg = Debug|Any CPU
		{65765B02-ABBB-4BEF-A914-4E4CC60EDC96}.Debug|Any CPU.Build.0 = Debug|Any CPU
		{65765B02-ABBB-4BEF-A914-4E4CC60EDC96}.Release|Any CPU.ActiveCfg = Release|Any CPU
		{65765B02-ABBB-4BEF-A914-4E4CC60EDC96}.Release|Any CPU.Build.0 = Release|Any CPU
	EndGlobalSection
	GlobalSection(SolutionProperties) = preSolution
		HideSolutionNode = FALSE
	EndGlobalSection
	GlobalSection(ExtensibilityGlobals) = postSolution
		SolutionGuid = {7193BFE6-FA02-47A6-933C-3F0A65E860AC}
	EndGlobalSection
EndGlobal
